// !$*UTF8*$!
{
	archiveVersion = 1;
	classes = {
	};
	objectVersion = 77;
	objects = {

/* Begin PBXContainerItemProxy section */
		97BD7D582F7BAA6F003E615D /* PBXContainerItemProxy */ = {
			isa = PBXContainerItemProxy;
			containerPortal = 97BD7D422F7BAA6B003E615D /* Project object */;
			proxyType = 1;
			remoteGlobalIDString = 97BD7D492F7BAA6B003E615D;
			remoteInfo = CupcakeCorner;
		};
		97BD7D622F7BAA6F003E615D /* PBXContainerItemProxy */ = {
			isa = PBXContainerItemProxy;
			containerPortal = 97BD7D422F7BAA6B003E615D /* Project object */;
			proxyType = 1;
			remoteGlobalIDString = 97BD7D492F7BAA6B003E615D;
			remoteInfo = CupcakeCorner;
		};
/* End PBXContainerItemProxy section */

/* Begin PBXFileReference section */
		97BD7D4A2F7BAA6B003E615D /* CupcakeCorner.app */ = {isa = PBXFileReference; explicitFileType = wrapper.application; includeInIndex = 0; path = CupcakeCorner.app; sourceTree = BUILT_PRODUCTS_DIR; };
		97BD7D572F7BAA6F003E615D /* CupcakeCornerTests.xctest */ = {isa = PBXFileReference; explicitFileType = wrapper.cfbundle; includeInIndex = 0; path = CupcakeCornerTests.xctest; sourceTree = BUILT_PRODUCTS_DIR; };
		97BD7D612F7BAA6F003E615D /* CupcakeCornerUITests.xctest */ = {isa = PBXFileReference; explicitFileType = wrapper.cfbundle; includeInIndex = 0; path = CupcakeCornerUITests.xctest; sourceTree = BUILT_PRODUCTS_DIR; };
/* End PBXFileReference section */

/* Begin PBXFileSystemSynchronizedRootGroup section */
		97BD7D4C2F7BAA6B003E615D /* CupcakeCorner */ = {
			isa = PBXFileSystemSynchronizedRootGroup;
			path = CupcakeCorner;
			sourceTree = "<group>";
		};
		97BD7D5A2F7BAA6F003E615D /* CupcakeCornerTests */ = {
			isa = PBXFileSystemSynchronizedRootGroup;
			path = CupcakeCornerTests;
			sourceTree = "<group>";
		};
		97BD7D642F7BAA6F003E615D /* CupcakeCornerUITests */ = {
			isa = PBXFileSystemSynchronizedRootGroup;
			path = CupcakeCornerUITests;
			sourceTree = "<group>";
		};
/* End PBXFileSystemSynchronizedRootGroup section */

/* Begin PBXFrameworksBuildPhase section */
		97BD7D472F7BAA6B003E615D /* Frameworks */ = {
			isa = PBXFrameworksBuildPhase;
			buildActionMask = 2147483647;
			files = (
			);
			runOnlyForDeploymentPostprocessing = 0;
		};
		97BD7D542F7BAA6F003E615D /* Frameworks */ = {
			isa = PBXFrameworksBuildPhase;
			buildActionMask = 2147483647;
			files = (
			);
			runOnlyForDeploymentPostprocessing = 0;
		};
		97BD7D5E2F7BAA6F003E615D /* Frameworks */ = {
			isa = PBXFrameworksBuildPhase;
			buildActionMask = 2147483647;
			files = (
			);
			runOnlyForDeploymentPostprocessing = 0;
		};
/* End PBXFrameworksBuildPhase section */

/* Begin PBXGroup section */
		97BD7D412F7BAA6B003E615D = {
			isa = PBXGroup;
			children = (
				97BD7D4C2F7BAA6B003E615D /* CupcakeCorner */,
				97BD7D5A2F7BAA6F003E615D /* CupcakeCornerTests */,
				97BD7D642F7BAA6F003E615D /* CupcakeCornerUITests */,
				97BD7D4B2F7BAA6B003E615D /* Products */,
			);
			sourceTree = "<group>";
		};
		97BD7D4B2F7BAA6B003E615D /* Products */ = {
			isa = PBXGroup;
			children = (
				97BD7D4A2F7BAA6B003E615D /* CupcakeCorner.app */,
				97BD7D572F7BAA6F003E615D /* CupcakeCornerTests.xctest */,
				97BD7D612F7BAA6F003E615D /* CupcakeCornerUITests.xctest */,
			);
			name = Products;
			sourceTree = "<group>";
		};
/* End PBXGroup section */

/* Begin PBXNativeTarget section */
		97BD7D492F7BAA6B003E615D /* CupcakeCorner */ = {
			isa = PBXNativeTarget;
			buildConfigurationList = 97BD7D6B2F7BAA6F003E615D /* Build configuration list for PBXNativeTarget "CupcakeCorner" */;
			buildPhases = (
				97BD7D462F7BAA6B003E615D /* Sources */,
				97BD7D472F7BAA6B003E615D /* Frameworks */,
				97BD7D482F7BAA6B003E615D /* Resources */,
			);
			buildRules = (
			);
			dependencies = (
			);
			fileSystemSynchronizedGroups = (
				97BD7D4C2F7BAA6B003E615D /* CupcakeCorner */,
			);
			name = CupcakeCorner;
			packageProductDependencies = (
			);
			productName = CupcakeCorner;
			productReference = 97BD7D4A2F7BAA6B003E615D /* CupcakeCorner.app */;
			productType = "com.apple.product-type.application";
		};
		97BD7D562F7BAA6F003E615D /* CupcakeCornerTests */ = {
			isa = PBXNativeTarget;
			buildConfigurationList = 97BD7D6E2F7BAA6F003E615D /* Build configuration list for PBXNativeTarget "CupcakeCornerTests" */;
			buildPhases = (
				97BD7D532F7BAA6F003E615D /* Sources */,
				97BD7D542F7BAA6F003E615D /* Frameworks */,
				97BD7D552F7BAA6F003E615D /* Resources */,
			);
			buildRules = (
			);
			dependencies = (
				97BD7D592F7BAA6F003E615D /* PBXTargetDependency */,
			);
			fileSystemSynchronizedGroups = (
				97BD7D5A2F7BAA6F003E615D /* CupcakeCornerTests */,
			);
			name = CupcakeCornerTests;
			packageProductDependencies = (
			);
			productName = CupcakeCornerTests;
			productReference = 97BD7D572F7BAA6F003E615D /* CupcakeCornerTests.xctest */;
			productType = "com.apple.product-type.bundle.unit-test";
		};
		97BD7D602F7BAA6F003E615D /* CupcakeCornerUITests */ = {
			isa = PBXNativeTarget;
			buildConfigurationList = 97BD7D712F7BAA6F003E615D /* Build configuration list for PBXNativeTarget "CupcakeCornerUITests" */;
			buildPhases = (
				97BD7D5D2F7BAA6F003E615D /* Sources */,
				97BD7D5E2F7BAA6F003E615D /* Frameworks */,
				97BD7D5F2F7BAA6F003E615D /* Resources */,
			);
			buildRules = (
			);
			dependencies = (
				97BD7D632F7BAA6F003E615D /* PBXTargetDependency */,
			);
			fileSystemSynchronizedGroups = (
				97BD7D642F7BAA6F003E615D /* CupcakeCornerUITests */,
			);
			name = CupcakeCornerUITests;
			packageProductDependencies = (
			);
			productName = CupcakeCornerUITests;
			productReference = 97BD7D612F7BAA6F003E615D /* CupcakeCornerUITests.xctest */;
			productType = "com.apple.product-type.bundle.ui-testing";
		};
/* End PBXNativeTarget section */

/* Begin PBXProject section */
		97BD7D422F7BAA6B003E615D /* Project object */ = {
			isa = PBXProject;
			attributes = {
				BuildIndependentTargetsInParallel = 1;
				LastSwiftUpdateCheck = 2630;
				LastUpgradeCheck = 2630;
				TargetAttributes = {
					97BD7D492F7BAA6B003E615D = {
						CreatedOnToolsVersion = 26.3;
					};
					97BD7D562F7BAA6F003E615D = {
						CreatedOnToolsVersion = 26.3;
						TestTargetID = 97BD7D492F7BAA6B003E615D;
					};
					97BD7D602F7BAA6F003E615D = {
						CreatedOnToolsVersion = 26.3;
						TestTargetID = 97BD7D492F7BAA6B003E615D;
					};
				};
			};
			buildConfigurationList = 97BD7D452F7BAA6B003E615D /* Build configuration list for PBXProject "CupcakeCorner" */;
			developmentRegion = en;
			hasScannedForEncodings = 0;
			knownRegions = (
				en,
				Base,
			);
			mainGroup = 97BD7D412F7BAA6B003E615D;
			minimizedProjectReferenceProxies = 1;
			preferredProjectObjectVersion = 77;
			productRefGroup = 97BD7D4B2F7BAA6B003E615D /* Products */;
			projectDirPath = "";
			projectRoot = "";
			targets = (
				97BD7D492F7BAA6B003E615D /* CupcakeCorner */,
				97BD7D562F7BAA6F003E615D /* CupcakeCornerTests */,
				97BD7D602F7BAA6F003E615D /* CupcakeCornerUITests */,
			);
		};
/* End PBXProject section */

/* Begin PBXResourcesBuildPhase section */
		97BD7D482F7BAA6B003E615D /* Resources */ = {
			isa = PBXResourcesBuildPhase;
			buildActionMask = 2147483647;
			files = (
			);
			runOnlyForDeploymentPostprocessing = 0;
		};
		97BD7D552F7BAA6F003E615D /* Resources */ = {
			isa = PBXResourcesBuildPhase;
			buildActionMask = 2147483647;
			files = (
			);
			runOnlyForDeploymentPostprocessing = 0;
		};
		97BD7D5F2F7BAA6F003E615D /* Resources */ = {
			isa = PBXResourcesBuildPhase;
			buildActionMask = 2147483647;
			files = (
			);
			runOnlyForDeploymentPostprocessing = 0;
		};
/* End PBXResourcesBuildPhase section */

/* Begin PBXSourcesBuildPhase section */
		97BD7D462F7BAA6B003E615D /* Sources */ = {
			isa = PBXSourcesBuildPhase;
			buildActionMask = 2147483647;
			files = (
			);
			runOnlyForDeploymentPostprocessing = 0;
		};
		97BD7D532F7BAA6F003E615D /* Sources */ = {
			isa = PBXSourcesBuildPhase;
			buildActionMask = 2147483647;
			files = (
			);
			runOnlyForDeploymentPostprocessing = 0;
		};
		97BD7D5D2F7BAA6F003E615D /* Sources */ = {
			isa = PBXSourcesBuildPhase;
			buildActionMask = 2147483647;
			files = (
			);
			runOnlyForDeploymentPostprocessing = 0;
		};
/* End PBXSourcesBuildPhase section */

/* Begin PBXTargetDependency section */
		97BD7D592F7BAA6F003E615D /* PBXTargetDependency */ = {
			isa = PBXTargetDependency;
			target = 97BD7D492F7BAA6B003E615D /* CupcakeCorner */;
			targetProxy = 97BD7D582F7BAA6F003E615D /* PBXContainerItemProxy */;
		};
		97BD7D632F7BAA6F003E615D /* PBXTargetDependency */ = {
			isa = PBXTargetDependency;
			target = 97BD7D492F7BAA6B003E615D /* CupcakeCorner */;
			targetProxy = 97BD7D622F7BAA6F003E615D /* PBXContainerItemProxy */;
		};
/* End PBXTargetDependency section */

/* Begin XCBuildConfiguration section */
		97BD7D692F7BAA6F003E615D /* Debug */ = {
			isa = XCBuildConfiguration;
			buildSettings = {
				ALWAYS_SEARCH_USER_PATHS = NO;
				ASSETCATALOG_COMPILER_GENERATE_SWIFT_ASSET_SYMBOL_EXTENSIONS = YES;
				CLANG_ANALYZER_NONNULL = YES;
				CLANG_ANALYZER_NUMBER_OBJECT_CONVERSION = YES_AGGRESSIVE;
				CLANG_CXX_LANGUAGE_STANDARD = "gnu++20";
				CLANG_ENABLE_MODULES = YES;
				CLANG_ENABLE_OBJC_ARC = YES;
				CLANG_ENABLE_OBJC_WEAK = YES;
				CLANG_WARN_BLOCK_CAPTURE_AUTORELEASING = YES;
				CLANG_WARN_BOOL_CONVERSION = YES;
				CLANG_WARN_COMMA = YES;
				CLANG_WARN_CONSTANT_CONVERSION = YES;
				CLANG_WARN_DEPRECATED_OBJC_IMPLEMENTATIONS = YES;
				CLANG_WARN_DIRECT_OBJC_ISA_USAGE = YES_ERROR;
				CLANG_WARN_DOCUMENTATION_COMMENTS = YES;
				CLANG_WARN_EMPTY_BODY = YES;
				CLANG_WARN_ENUM_CONVERSION = YES;
				CLANG_WARN_INFINITE_RECURSION = YES;
				CLANG_WARN_INT_CONVERSION = YES;
				CLANG_WARN_NON_LITERAL_NULL_CONVERSION = YES;
				CLANG_WARN_OBJC_IMPLICIT_RETAIN_SELF = YES;
				CLANG_WARN_OBJC_LITERAL_CONVERSION = YES;
				CLANG_WARN_OBJC_ROOT_CLASS = YES_ERROR;
				CLANG_WARN_QUOTED_INCLUDE_IN_FRAMEWORK_HEADER = YES;
				CLANG_WARN_RANGE_LOOP_ANALYSIS = YES;
				CLANG_WARN_STRICT_PROTOTYPES = YES;
				CLANG_WARN_SUSPICIOUS_MOVE = YES;
				CLANG_WARN_UNGUARDED_AVAILABILITY = YES_AGGRESSIVE;
				CLANG_WARN_UNREACHABLE_CODE = YES;
				CLANG_WARN__DUPLICATE_METHOD_MATCH = YES;
				COPY_PHASE_STRIP = NO;
				DEBUG_INFORMATION_FORMAT = dwarf;
				ENABLE_STRICT_OBJC_MSGSEND = YES;
				ENABLE_TESTABILITY = YES;
				ENABLE_USER_SCRIPT_SANDBOXING = YES;
				GCC_C_LANGUAGE_STANDARD = gnu17;
				GCC_DYNAMIC_NO_PIC = NO;
				GCC_NO_COMMON_BLOCKS = YES;
				GCC_OPTIMIZATION_LEVEL = 0;
				GCC_PREPROCESSOR_DEFINITIONS = (
					"DEBUG=1",
					"$(inherited)",
				);
				GCC_WARN_64_TO_32_BIT_CONVERSION = YES;
				GCC_WARN_ABOUT_RETURN_TYPE = YES_ERROR;
				GCC_WARN_UNDECLARED_SELECTOR = YES;
				GCC_WARN_UNINITIALIZED_AUTOS = YES_AGGRESSIVE;
				GCC_WARN_UNUSED_FUNCTION = YES;
				GCC_WARN_UNUSED_VARIABLE = YES;
				IPHONEOS_DEPLOYMENT_TARGET = 26.2;
				LOCALIZATION_PREFERS_STRING_CATALOGS = YES;
				MTL_ENABLE_DEBUG_INFO = INCLUDE_SOURCE;
				MTL_FAST_MATH = YES;
				ONLY_ACTIVE_ARCH = YES;
				SDKROOT = iphoneos;
				SWIFT_ACTIVE_COMPILATION_CONDITIONS = "DEBUG $(inherited)";
				SWIFT_OPTIMIZATION_LEVEL = "-Onone";
			};
			name = Debug;
		};
		97BD7D6A2F7BAA6F003E615D /* Release */ = {
			isa = XCBuildConfiguration;
			buildSettings = {
				ALWAYS_SEARCH_USER_PATHS = NO;
				ASSETCATALOG_COMPILER_GENERATE_SWIFT_ASSET_SYMBOL_EXTENSIONS = YES;
				CLANG_ANALYZER_NONNULL = YES;
				CLANG_ANALYZER_NUMBER_OBJECT_CONVERSION = YES_AGGRESSIVE;
				CLANG_CXX_LANGUAGE_STANDARD = "gnu++20";
				CLANG_ENABLE_MODULES = YES;
				CLANG_ENABLE_OBJC_ARC = YES;
				CLANG_ENABLE_OBJC_WEAK = YES;
				CLANG_WARN_BLOCK_CAPTURE_AUTORELEASING = YES;
				CLANG_WARN_BOOL_CONVERSION = YES;
				CLANG_WARN_COMMA = YES;
				CLANG_WARN_CONSTANT_CONVERSION = YES;
				CLANG_WARN_DEPRECATED_OBJC_IMPLEMENTATIONS = YES;
				CLANG_WARN_DIRECT_OBJC_ISA_USAGE = YES_ERROR;
				CLANG_WARN_DOCUMENTATION_COMMENTS = YES;
				CLANG_WARN_EMPTY_BODY = YES;
				CLANG_WARN_ENUM_CONVERSION = YES;
				CLANG_WARN_INFINITE_RECURSION = YES;
				CLANG_WARN_INT_CONVERSION = YES;
				CLANG_WARN_NON_LITERAL_NULL_CONVERSION = YES;
				CLANG_WARN_OBJC_IMPLICIT_RETAIN_SELF = YES;
				CLANG_WARN_OBJC_LITERAL_CONVERSION = YES;
				CLANG_WARN_OBJC_ROOT_CLASS = YES_ERROR;
				CLANG_WARN_QUOTED_INCLUDE_IN_FRAMEWORK_HEADER = YES;
				CLANG_WARN_RANGE_LOOP_ANALYSIS = YES;
				CLANG_WARN_STRICT_PROTOTYPES = YES;
				CLANG_WARN_SUSPICIOUS_MOVE = YES;
				CLANG_WARN_UNGUARDED_AVAILABILITY = YES_AGGRESSIVE;
				CLANG_WARN_UNREACHABLE_CODE = YES;
				CLANG_WARN__DUPLICATE_METHOD_MATCH = YES;
				COPY_PHASE_STRIP = NO;
				DEBUG_INFORMATION_FORMAT = "dwarf-with-dsym";
				ENABLE_NS_ASSERTIONS = NO;
				ENABLE_STRICT_OBJC_MSGSEND = YES;
				ENABLE_USER_SCRIPT_SANDBOXING = YES;
				GCC_C_LANGUAGE_STANDARD = gnu17;
				GCC_NO_COMMON_BLOCKS = YES;
				GCC_WARN_64_TO_32_BIT_CONVERSION = YES;
				GCC_WARN_ABOUT_RETURN_TYPE = YES_ERROR;
				GCC_WARN_UNDECLARED_SELECTOR = YES;
				GCC_WARN_UNINITIALIZED_AUTOS = YES_AGGRESSIVE;
				GCC_WARN_UNUSED_FUNCTION = YES;
				GCC_WARN_UNUSED_VARIABLE = YES;
				IPHONEOS_DEPLOYMENT_TARGET = 26.2;
				LOCALIZATION_PREFERS_STRING_CATALOGS = YES;
				MTL_ENABLE_DEBUG_INFO = NO;
				MTL_FAST_MATH = YES;
				SDKROOT = iphoneos;
				SWIFT_COMPILATION_MODE = wholemodule;
				VALIDATE_PRODUCT = YES;
			};
			name = Release;
		};
		97BD7D6C2F7BAA6F003E615D /* Debug */ = {
			isa = XCBuildConfiguration;
			buildSettings = {
				ASSETCATALOG_COMPILER_APPICON_NAME = AppIcon;
				ASSETCATALOG_COMPILER_GLOBAL_ACCENT_COLOR_NAME = AccentColor;
				CODE_SIGN_STYLE = Automatic;
				CURRENT_PROJECT_VERSION = 1;
				ENABLE_PREVIEWS = YES;
				GENERATE_INFOPLIST_FILE = YES;
				INFOPLIST_KEY_UIApplicationSceneManifest_Generation = YES;
				INFOPLIST_KEY_UIApplicationSupportsIndirectInputEvents = YES;
				INFOPLIST_KEY_UILaunchScreen_Generation = YES;
				INFOPLIST_KEY_UISupportedInterfaceOrientations_iPad = "UIInterfaceOrientationPortrait UIInterfaceOrientationPortraitUpsideDown UIInterfaceOrientationLandscapeLeft UIInterfaceOrientationLandscapeRight";
				INFOPLIST_KEY_UISupportedInterfaceOrientations_iPhone = "UIInterfaceOrientationPortrait UIInterfaceOrientationLandscapeLeft UIInterfaceOrientationLandscapeRight";
				LD_RUNPATH_SEARCH_PATHS = (
					"$(inherited)",
					"@executable_path/Frameworks",
				);
				MARKETING_VERSION = 1.0;
				PRODUCT_BUNDLE_IDENTIFIER = Erik.CupcakeCorner;
				PRODUCT_NAME = "$(TARGET_NAME)";
				STRING_CATALOG_GENERATE_SYMBOLS = YES;
				SWIFT_APPROACHABLE_CONCURRENCY = YES;
				SWIFT_DEFAULT_ACTOR_ISOLATION = MainActor;
				SWIFT_EMIT_LOC_STRINGS = YES;
				SWIFT_UPCOMING_FEATURE_MEMBER_IMPORT_VISIBILITY = YES;
				SWIFT_VERSION = 5.0;
				TARGETED_DEVICE_FAMILY = "1,2";
			};
			name = Debug;
		};
		97BD7D6D2F7BAA6F003E615D /* Release */ = {
			isa = XCBuildConfiguration;
			buildSettings = {
				ASSETCATALOG_COMPILER_APPICON_NAME = AppIcon;
				ASSETCATALOG_COMPILER_GLOBAL_ACCENT_COLOR_NAME = AccentColor;
				CODE_SIGN_STYLE = Automatic;
				CURRENT_PROJECT_VERSION = 1;
				ENABLE_PREVIEWS = YES;
				GENERATE_INFOPLIST_FILE = YES;
				INFOPLIST_KEY_UIApplicationSceneManifest_Generation = YES;
				INFOPLIST_KEY_UIApplicationSupportsIndirectInputEvents = YES;
				INFOPLIST_KEY_UILaunchScreen_Generation = YES;
				INFOPLIST_KEY_UISupportedInterfaceOrientations_iPad = "UIInterfaceOrientationPortrait UIInterfaceOrientationPortraitUpsideDown UIInterfaceOrientationLandscapeLeft UIInterfaceOrientationLandscapeRight";
				INFOPLIST_KEY_UISupportedInterfaceOrientations_iPhone = "UIInterfaceOrientationPortrait UIInterfaceOrientationLandscapeLeft UIInterfaceOrientationLandscapeRight";
				LD_RUNPATH_SEARCH_PATHS = (
					"$(inherited)",
					"@executable_path/Frameworks",
				);
				MARKETING_VERSION = 1.0;
				PRODUCT_BUNDLE_IDENTIFIER = Erik.CupcakeCorner;
				PRODUCT_NAME = "$(TARGET_NAME)";
				STRING_CATALOG_GENERATE_SYMBOLS = YES;
				SWIFT_APPROACHABLE_CONCURRENCY = YES;
				SWIFT_DEFAULT_ACTOR_ISOLATION = MainActor;
				SWIFT_EMIT_LOC_STRINGS = YES;
				SWIFT_UPCOMING_FEATURE_MEMBER_IMPORT_VISIBILITY = YES;
				SWIFT_VERSION = 5.0;
				TARGETED_DEVICE_FAMILY = "1,2";
			};
			name = Release;
		};
		97BD7D6F2F7BAA6F003E615D /* Debug */ = {
			isa = XCBuildConfiguration;
			buildSettings = {
				BUNDLE_LOADER = "$(TEST_HOST)";
				CODE_SIGN_STYLE = Automatic;
				CURRENT_PROJECT_VERSION = 1;
				GENERATE_INFOPLIST_FILE = YES;
				IPHONEOS_DEPLOYMENT_TARGET = 26.2;
				MARKETING_VERSION = 1.0;
				PRODUCT_BUNDLE_IDENTIFIER = Erik.CupcakeCornerTests;
				PRODUCT_NAME = "$(TARGET_NAME)";
				STRING_CATALOG_GENERATE_SYMBOLS = NO;
				SWIFT_APPROACHABLE_CONCURRENCY = YES;
				SWIFT_EMIT_LOC_STRINGS = NO;
				SWIFT_UPCOMING_FEATURE_MEMBER_IMPORT_VISIBILITY = YES;
				SWIFT_VERSION = 5.0;
				TARGETED_DEVICE_FAMILY = "1,2";
				TEST_HOST = "$(BUILT_PRODUCTS_DIR)/CupcakeCorner.app/$(BUNDLE_EXECUTABLE_FOLDER_PATH)/CupcakeCorner";
			};
			name = Debug;
		};
		97BD7D702F7BAA6F003E615D /* Release */ = {
			isa = XCBuildConfiguration;
			buildSettings = {
				BUNDLE_LOADER = "$(TEST_HOST)";
				CODE_SIGN_STYLE = Automatic;
				CURRENT_PROJECT_VERSION = 1;
				GENERATE_INFOPLIST_FILE = YES;
				IPHONEOS_DEPLOYMENT_TARGET = 26.2;
				MARKETING_VERSION = 1.0;
				PRODUCT_BUNDLE_IDENTIFIER = Erik.CupcakeCornerTests;
				PRODUCT_NAME = "$(TARGET_NAME)";
				STRING_CATALOG_GENERATE_SYMBOLS = NO;
				SWIFT_APPROACHABLE_CONCURRENCY = YES;
				SWIFT_EMIT_LOC_STRINGS = NO;
				SWIFT_UPCOMING_FEATURE_MEMBER_IMPORT_VISIBILITY = YES;
				SWIFT_VERSION = 5.0;
				TARGETED_DEVICE_FAMILY = "1,2";
				TEST_HOST = "$(BUILT_PRODUCTS_DIR)/CupcakeCorner.app/$(BUNDLE_EXECUTABLE_FOLDER_PATH)/CupcakeCorner";
			};
			name = Release;
		};
		97BD7D722F7BAA6F003E615D /* Debug */ = {
			isa = XCBuildConfiguration;
			buildSettings = {
				CODE_SIGN_STYLE = Automatic;
				CURRENT_PROJECT_VERSION = 1;
				GENERATE_INFOPLIST_FILE = YES;
				MARKETING_VERSION = 1.0;
				PRODUCT_BUNDLE_IDENTIFIER = Erik.CupcakeCornerUITests;
				PRODUCT_NAME = "$(TARGET_NAME)";
				STRING_CATALOG_GENERATE_SYMBOLS = NO;
				SWIFT_APPROACHABLE_CONCURRENCY = YES;
				SWIFT_EMIT_LOC_STRINGS = NO;
				SWIFT_UPCOMING_FEATURE_MEMBER_IMPORT_VISIBILITY = YES;
				SWIFT_VERSION = 5.0;
				TARGETED_DEVICE_FAMILY = "1,2";
				TEST_TARGET_NAME = CupcakeCorner;
			};
			name = Debug;
		};
		97BD7D732F7BAA6F003E615D /* Release */ = {
			isa = XCBuildConfiguration;
			buildSettings = {
				CODE_SIGN_STYLE = Automatic;
				CURRENT_PROJECT_VERSION = 1;
				GENERATE_INFOPLIST_FILE = YES;
				MARKETING_VERSION = 1.0;
				PRODUCT_BUNDLE_IDENTIFIER = Erik.CupcakeCornerUITests;
				PRODUCT_NAME = "$(TARGET_NAME)";
				STRING_CATALOG_GENERATE_SYMBOLS = NO;
				SWIFT_APPROACHABLE_CONCURRENCY = YES;
				SWIFT_EMIT_LOC_STRINGS = NO;
				SWIFT_UPCOMING_FEATURE_MEMBER_IMPORT_VISIBILITY = YES;
				SWIFT_VERSION = 5.0;
				TARGETED_DEVICE_FAMILY = "1,2";
				TEST_TARGET_NAME = CupcakeCorner;
			};
			name = Release;
		};
/* End XCBuildConfiguration section */

/* Begin XCConfigurationList section */
		97BD7D452F7BAA6B003E615D /* Build configuration list for PBXProject "CupcakeCorner" */ = {
			isa = XCConfigurationList;
			buildConfigurations = (
				97BD7D692F7BAA6F003E615D /* Debug */,
				97BD7D6A2F7BAA6F003E615D /* Release */,
			);
			defaultConfigurationIsVisible = 0;
			defaultConfigurationName = Release;
		};
		97BD7D6B2F7BAA6F003E615D /* Build configuration list for PBXNativeTarget "CupcakeCorner" */ = {
			isa = XCConfigurationList;
			buildConfigurations = (
				97BD7D6C2F7BAA6F003E615D /* Debug */,
				97BD7D6D2F7BAA6F003E615D /* Release */,
			);
			defaultConfigurationIsVisible = 0;
			defaultConfigurationName = Release;
		};
		97BD7D6E2F7BAA6F003E615D /* Build configuration list for PBXNativeTarget "CupcakeCornerTests" */ = {
			isa = XCConfigurationList;
			buildConfigurations = (
				97BD7D6F2F7BAA6F003E615D /* Debug */,
				97BD7D702F7BAA6F003E615D /* Release */,
			);
			defaultConfigurationIsVisible = 0;
			defaultConfigurationName = Release;
		};
		97BD7D712F7BAA6F003E615D /* Build configuration list for PBXNativeTarget "CupcakeCornerUITests" */ = {
			isa = XCConfigurationList;
			buildConfigurations = (
				97BD7D722F7BAA6F003E615D /* Debug */,
				97BD7D732F7BAA6F003E615D /* Release */,
			);
			defaultConfigurationIsVisible = 0;
			defaultConfigurationName = Release;
		};
/* End XCConfigurationList section */
	};
	rootObject = 97BD7D422F7BAA6B003E615D /* Project object */;
}
